
Microsoft Visual Studio Solution File, Format Version 12.00
# Visual Studio 15
VisualStudioVersion = 15.0.27703.2035
MinimumVisualStudioVersion = 10.0.40219.1
Project("{888888A0-9F3D-457C-B088-3A5042F75D52}") = "deepnet", "deepnet\deepnet.pyproj", "{5BED1321-AD9C-4A4E-B24B-BAE34EC34599}"
EndProject
Global
	GlobalSection(SolutionConfigurationPlatforms) = preSolution
		Debug|Any CPU = Debug|Any CPU
		Release|Any CPU = Release|Any CPU
	EndGlobalSection
	GlobalSection(ProjectConfigurationPlatforms) = postSolution
		{5BED1321-AD9C-4A4E-B24B-BAE34EC34599}.Debug|Any CPU.ActiveCfg = Debug|Any CPU
		{5BED1321-AD9C-4A4E-B24B-BAE34EC34599}.Release|Any CPU.ActiveCfg = Release|Any CPU
	EndGlobalSection
	GlobalSection(SolutionProperties) = preSolution
		HideSolutionNode = FALSE
	EndGlobalSection
	GlobalSection(ExtensibilityGlobals) = postSolution
		SolutionGuid = {5D23FE9D-1CAD-4BF1-9BB9-3FB1A966C7A8}
	EndGlobalSection
EndGlobal
